
Microsoft Visual Studio Solution File, Format Version 12.00
# Visual Studio Version 17
VisualStudioVersion = 17.7.34018.315
MinimumVisualStudioVersion = 10.0.40219.1
Project("{9A19103F-16F7-4668-BE54-9A1E7A4F7556}") = "ApplicationTemplate", "Dotnet-Database_A13-master\ApplicationTemplate.csproj", "{4FD858B5-0E3A-414E-BC52-8933F0DAC0B3}"
EndProject
Project("{9A19103F-16F7-4668-BE54-9A1E7A4F7556}") = "MovieLibraryEntities", "MovieLibraryEntities-Tindall\MovieLibraryEntities.csproj", "{792D35FF-0611-42D1-B015-8D6426193B4E}"
EndProject
Global
	GlobalSection(SolutionConfigurationPlatforms) = preSolution
		Debug|Any CPU = Debug|Any CPU
		Release|Any CPU = Release|Any CPU
	EndGlobalSection
	GlobalSection(ProjectConfigurationPlatforms) = postSolution
		{4FD858B5-0E3A-414E-BC52-8933F0DAC0B3}.Debug|Any CPU.ActiveCfg = Debug|Any CPU
		{4FD858B5-0E3A-414E-BC52-8933F0DAC0B3}.Debug|Any CPU.Build.0 = Debug|Any CPU
		{4FD858B5-0E3A-414E-BC52-8933F0DAC0B3}.Release|Any CPU.ActiveCfg = Release|Any CPU
		{4FD858B5-0E3A-414E-BC52-8933F0DAC0B3}.Release|Any CPU.Build.0 = Release|Any CPU
		{792D35FF-0611-42D1-B015-8D6426193B4E}.Debug|Any CPU.ActiveCfg = Debug|Any CPU
		{792D35FF-0611-42D1-B015-8D6426193B4E}.Debug|Any CPU.Build.0 = Debug|Any CPU
		{792D35FF-0611-42D1-B015-8D6426193B4E}.Release|Any CPU.ActiveCfg = Release|Any CPU
		{792D35FF-0611-42D1-B015-8D6426193B4E}.Release|Any CPU.Build.0 = Release|Any CPU
	EndGlobalSection
	GlobalSection(SolutionProperties) = preSolution
		HideSolutionNode = FALSE
	EndGlobalSection
	GlobalSection(ExtensibilityGlobals) = postSolution
		SolutionGuid = {1FAEB78C-D80F-4899-9972-50408DFC1FC1}
	EndGlobalSection
EndGlobal
